Microsoft Visual Studio Solution File, Format Version 12.00
# Visual Studio Version 17
VisualStudioVersion = 17.5.2.0
MinimumVisualStudioVersion = 10.0.40219.1
Project("{2150E333-8FDC-42A3-9474-1A3956D46DE8}") = "src", "src", "{827E0CD3-B72D-47B6-A68D-7590B98EB39B}"
EndProject
Project("{FAE04EC0-301F-11D3-BF4B-00C04F79EFBC}") = "Services.Inventario", "src\Services.Inventario\Services.Inventario.csproj", "{9A9D4858-209C-4B18-837B-7A3932416F72}"
EndProject
Project("{FAE04EC0-301F-11D3-BF4B-00C04F79EFBC}") = "Services.Pagos", "src\Services.Pagos\Services.Pagos.csproj", "{443DF804-3673-90A9-43D5-E3784CE2D85D}"
EndProject
Project("{FAE04EC0-301F-11D3-BF4B-00C04F79EFBC}") = "Shared.Core", "src\Shared.Core\Shared.Core.csproj", "{FD0A7DCD-AB9A-5194-F878-EB956F228958}"
EndProject
Project("{FAE04EC0-301F-11D3-BF4B-00C04F79EFBC}") = "Webhook.Controllers", "src\Webhook.Controllers\Webhook.Controllers.csproj", "{EB5ADDB0-3201-6097-650F-DE2D75EFC80F}"
EndProject
Project("{FAE04EC0-301F-11D3-BF4B-00C04F79EFBC}") = "Services.ChatBot", "src\Services.ChatBot\Services.ChatBot.csproj", "{6816B35B-4848-4582-B66E-8D0F6DDE8995}"
EndProject
Global
	GlobalSection(SolutionConfigurationPlatforms) = preSolution
		Debug|Any CPU = Debug|Any CPU
		Release|Any CPU = Release|Any CPU
	EndGlobalSection
	GlobalSection(ProjectConfigurationPlatforms) = postSolution
		{9A9D4858-209C-4B18-837B-7A3932416F72}.Debug|Any CPU.ActiveCfg = Debug|Any CPU
		{9A9D4858-209C-4B18-837B-7A3932416F72}.Debug|Any CPU.Build.0 = Debug|Any CPU
		{9A9D4858-209C-4B18-837B-7A3932416F72}.Release|Any CPU.ActiveCfg = Release|Any CPU
		{9A9D4858-209C-4B18-837B-7A3932416F72}.Release|Any CPU.Build.0 = Release|Any CPU
		{443DF804-3673-90A9-43D5-E3784CE2D85D}.Debug|Any CPU.ActiveCfg = Debug|Any CPU
		{443DF804-3673-90A9-43D5-E3784CE2D85D}.Debug|Any CPU.Build.0 = Debug|Any CPU
		{443DF804-3673-90A9-43D5-E3784CE2D85D}.Release|Any CPU.ActiveCfg = Release|Any CPU
		{443DF804-3673-90A9-43D5-E3784CE2D85D}.Release|Any CPU.Build.0 = Release|Any CPU
		{FD0A7DCD-AB9A-5194-F878-EB956F228958}.Debug|Any CPU.ActiveCfg = Debug|Any CPU
		{FD0A7DCD-AB9A-5194-F878-EB956F228958}.Debug|Any CPU.Build.0 = Debug|Any CPU
		{FD0A7DCD-AB9A-5194-F878-EB956F228958}.Release|Any CPU.ActiveCfg = Release|Any CPU
		{FD0A7DCD-AB9A-5194-F878-EB956F228958}.Release|Any CPU.Build.0 = Release|Any CPU
		{EB5ADDB0-3201-6097-650F-DE2D75EFC80F}.Debug|Any CPU.ActiveCfg = Debug|Any CPU
		{EB5ADDB0-3201-6097-650F-DE2D75EFC80F}.Debug|Any CPU.Build.0 = Debug|Any CPU
		{EB5ADDB0-3201-6097-650F-DE2D75EFC80F}.Release|Any CPU.ActiveCfg = Release|Any CPU
		{EB5ADDB0-3201-6097-650F-DE2D75EFC80F}.Release|Any CPU.Build.0 = Release|Any CPU
		{6816B35B-4848-4582-B66E-8D0F6DDE8995}.Debug|Any CPU.ActiveCfg = Debug|Any CPU
		{6816B35B-4848-4582-B66E-8D0F6DDE8995}.Debug|Any CPU.Build.0 = Debug|Any CPU
		{6816B35B-4848-4582-B66E-8D0F6DDE8995}.Release|Any CPU.ActiveCfg = Release|Any CPU
		{6816B35B-4848-4582-B66E-8D0F6DDE8995}.Release|Any CPU.Build.0 = Release|Any CPU
	EndGlobalSection
	GlobalSection(SolutionProperties) = preSolution
		HideSolutionNode = FALSE
	EndGlobalSection
	GlobalSection(NestedProjects) = preSolution
		{9A9D4858-209C-4B18-837B-7A3932416F72} = {827E0CD3-B72D-47B6-A68D-7590B98EB39B}
		{443DF804-3673-90A9-43D5-E3784CE2D85D} = {827E0CD3-B72D-47B6-A68D-7590B98EB39B}
		{FD0A7DCD-AB9A-5194-F878-EB956F228958} = {827E0CD3-B72D-47B6-A68D-7590B98EB39B}
		{EB5ADDB0-3201-6097-650F-DE2D75EFC80F} = {827E0CD3-B72D-47B6-A68D-7590B98EB39B}
		{6816B35B-4848-4582-B66E-8D0F6DDE8995} = {827E0CD3-B72D-47B6-A68D-7590B98EB39B}
	EndGlobalSection
	GlobalSection(ExtensibilityGlobals) = postSolution
		SolutionGuid = {BD7570D4-E91D-485D-859D-3E7D350F2EB9}
	EndGlobalSection
EndGlobal
