Microsoft Visual Studio Solution File, Format Version 12.00
# Visual Studio Version 17
VisualStudioVersion = 17.5.2.0
MinimumVisualStudioVersion = 10.0.40219.1
Project("{FAE04EC0-301F-11D3-BF4B-00C04F79EFBC}") = "Services.Inventario", "Services.Inventario\Services.Inventario.csproj", "{05D5725C-EEAC-0584-D483-EAEC0ABD67AE}"
EndProject
Project("{FAE04EC0-301F-11D3-BF4B-00C04F79EFBC}") = "Services.Pagos", "Services.Pagos\Services.Pagos.csproj", "{82B595C8-C21F-2734-5E09-8E228D56CC3F}"
EndProject
Project("{FAE04EC0-301F-11D3-BF4B-00C04F79EFBC}") = "Shared.Core", "Shared.Core\Shared.Core.csproj", "{E89CD45B-281A-89D0-102B-76740AF05534}"
EndProject
Global
	GlobalSection(SolutionConfigurationPlatforms) = preSolution
		Debug|Any CPU = Debug|Any CPU
		Release|Any CPU = Release|Any CPU
	EndGlobalSection
	GlobalSection(ProjectConfigurationPlatforms) = postSolution
		{05D5725C-EEAC-0584-D483-EAEC0ABD67AE}.Debug|Any CPU.ActiveCfg = Debug|Any CPU
		{05D5725C-EEAC-0584-D483-EAEC0ABD67AE}.Debug|Any CPU.Build.0 = Debug|Any CPU
		{05D5725C-EEAC-0584-D483-EAEC0ABD67AE}.Release|Any CPU.ActiveCfg = Release|Any CPU
		{05D5725C-EEAC-0584-D483-EAEC0ABD67AE}.Release|Any CPU.Build.0 = Release|Any CPU
		{82B595C8-C21F-2734-5E09-8E228D56CC3F}.Debug|Any CPU.ActiveCfg = Debug|Any CPU
		{82B595C8-C21F-2734-5E09-8E228D56CC3F}.Debug|Any CPU.Build.0 = Debug|Any CPU
		{82B595C8-C21F-2734-5E09-8E228D56CC3F}.Release|Any CPU.ActiveCfg = Release|Any CPU
		{82B595C8-C21F-2734-5E09-8E228D56CC3F}.Release|Any CPU.Build.0 = Release|Any CPU
		{E89CD45B-281A-89D0-102B-76740AF05534}.Debug|Any CPU.ActiveCfg = Debug|Any CPU
		{E89CD45B-281A-89D0-102B-76740AF05534}.Debug|Any CPU.Build.0 = Debug|Any CPU
		{E89CD45B-281A-89D0-102B-76740AF05534}.Release|Any CPU.ActiveCfg = Release|Any CPU
		{E89CD45B-281A-89D0-102B-76740AF05534}.Release|Any CPU.Build.0 = Release|Any CPU
	EndGlobalSection
	GlobalSection(SolutionProperties) = preSolution
		HideSolutionNode = FALSE
	EndGlobalSection
	GlobalSection(ExtensibilityGlobals) = postSolution
		SolutionGuid = {227EAB51-379D-4D65-99BF-DC19324D64F6}
	EndGlobalSection
EndGlobal
